// !$*UTF8*$!
{
	archiveVersion = 1;
	classes = {
	};
	objectVersion = 55;
	objects = {

/* Begin PBXBuildFile section */
		06B5ACA5272633170CF11D68 /* Pods_ClearScore_MiniTests.framework in Frameworks */ = {isa = PBXBuildFile; fileRef = 19A13A0D199F30FFD585A5C2 /* Pods_ClearScore_MiniTests.framework */; };
		2F80FC60707F60F065AA2ABB /* Pods_ClearScore_Mini_ClearScore_MiniUITests.framework in Frameworks */ = {isa = PBXBuildFile; fileRef = 53442814BE01E45BCA7D0E83 /* Pods_ClearScore_Mini_ClearScore_MiniUITests.framework */; };
		3A436D12284F668600E8C9E3 /* CGRPCZlib in Frameworks */ = {isa = PBXBuildFile; productRef = 3A436D11284F668600E8C9E3 /* CGRPCZlib */; };
		3A436D14284F668600E8C9E3 /* GRPC in Frameworks */ = {isa = PBXBuildFile; productRef = 3A436D13284F668600E8C9E3 /* GRPC */; };
		3A436D16284F668600E8C9E3 /* protoc-gen-grpc-swift in Frameworks */ = {isa = PBXBuildFile; productRef = 3A436D15284F668600E8C9E3 /* protoc-gen-grpc-swift */; };
		3AB852B1284F69DB00A48436 /* Pods_ClearScore_Mini.framework in Frameworks */ = {isa = PBXBuildFile; fileRef = 608375538804F7A9BD628DBA /* Pods_ClearScore_Mini.framework */; };
		BA4BAE27279A60B3009D7D2A /* AppDelegate.swift in Sources */ = {isa = PBXBuildFile; fileRef = BA4BAE26279A60B3009D7D2A /* AppDelegate.swift */; };
		BA4BAE2B279A60B3009D7D2A /* HomeViewController.swift in Sources */ = {isa = PBXBuildFile; fileRef = BA4BAE2A279A60B3009D7D2A /* HomeViewController.swift */; };
		BA4BAE2E279A60B3009D7D2A /* Main.storyboard in Resources */ = {isa = PBXBuildFile; fileRef = BA4BAE2C279A60B3009D7D2A /* Main.storyboard */; };
		BA4BAE30279A60B5009D7D2A /* Assets.xcassets in Resources */ = {isa = PBXBuildFile; fileRef = BA4BAE2F279A60B5009D7D2A /* Assets.xcassets */; };
		BA4BAE33279A60B5009D7D2A /* LaunchScreen.storyboard in Resources */ = {isa = PBXBuildFile; fileRef = BA4BAE31279A60B5009D7D2A /* LaunchScreen.storyboard */; };
		BA4BAE3E279A60B5009D7D2A /* ClearScore_Mini_ViewModelTests.swift in Sources */ = {isa = PBXBuildFile; fileRef = BA4BAE3D279A60B5009D7D2A /* ClearScore_Mini_ViewModelTests.swift */; };
		BA4BAE48279A60B5009D7D2A /* ClearScore_MiniUITests.swift in Sources */ = {isa = PBXBuildFile; fileRef = BA4BAE47279A60B5009D7D2A /* ClearScore_MiniUITests.swift */; };
		BA4BAE4A279A60B5009D7D2A /* ClearScore_MiniUITestsLaunchTests.swift in Sources */ = {isa = PBXBuildFile; fileRef = BA4BAE49279A60B5009D7D2A /* ClearScore_MiniUITestsLaunchTests.swift */; };
		BA4BAE5C279A662E009D7D2A /* Constants.swift in Sources */ = {isa = PBXBuildFile; fileRef = BA4BAE5B279A662E009D7D2A /* Constants.swift */; };
		BA4BAE5E279A68FF009D7D2A /* NetworkConnection.swift in Sources */ = {isa = PBXBuildFile; fileRef = BA4BAE5D279A68FF009D7D2A /* NetworkConnection.swift */; };
		BA4BAE61279ADB9C009D7D2A /* WebService.swift in Sources */ = {isa = PBXBuildFile; fileRef = BA4BAE60279ADB9C009D7D2A /* WebService.swift */; };
		BA4BAE63279B08F0009D7D2A /* CreditScoreModel.swift in Sources */ = {isa = PBXBuildFile; fileRef = BA4BAE62279B08F0009D7D2A /* CreditScoreModel.swift */; };
		BA4BAE65279B0DB6009D7D2A /* CreditViewModel.swift in Sources */ = {isa = PBXBuildFile; fileRef = BA4BAE64279B0DB6009D7D2A /* CreditViewModel.swift */; };
		BA4BAE68279BB7A1009D7D2A /* Coordinator.swift in Sources */ = {isa = PBXBuildFile; fileRef = BA4BAE67279BB7A1009D7D2A /* Coordinator.swift */; };
		BA4BAE6B279BB923009D7D2A /* Storyboarded.swift in Sources */ = {isa = PBXBuildFile; fileRef = BA4BAE6A279BB923009D7D2A /* Storyboarded.swift */; };
		BA4BAE6D279BB9FD009D7D2A /* MainCoordinator.swift in Sources */ = {isa = PBXBuildFile; fileRef = BA4BAE6C279BB9FD009D7D2A /* MainCoordinator.swift */; };
		BA4BAE6F279BBBA6009D7D2A /* DetailViewController.swift in Sources */ = {isa = PBXBuildFile; fileRef = BA4BAE6E279BBBA6009D7D2A /* DetailViewController.swift */; };
		BA4BAE72279C681E009D7D2A /* DonutView.xib in Resources */ = {isa = PBXBuildFile; fileRef = BA4BAE71279C681E009D7D2A /* DonutView.xib */; };
		BA4BAE74279C682A009D7D2A /* DonutView.swift in Sources */ = {isa = PBXBuildFile; fileRef = BA4BAE73279C682A009D7D2A /* DonutView.swift */; };
		BA854776279ED7DE00F1FCEC /* ErrorView.swift in Sources */ = {isa = PBXBuildFile; fileRef = BA854775279ED7DE00F1FCEC /* ErrorView.swift */; };
		BA854778279ED7EA00F1FCEC /* ErrorView.xib in Resources */ = {isa = PBXBuildFile; fileRef = BA854777279ED7EA00F1FCEC /* ErrorView.xib */; };
		BA8E63A0279F88C100BD19F7 /* MockWebService.swift in Sources */ = {isa = PBXBuildFile; fileRef = BA8E639F279F88C100BD19F7 /* MockWebService.swift */; };
		BA8E63A527A082B600BD19F7 /* ClearScore_Mini_WebServiceTests.swift in Sources */ = {isa = PBXBuildFile; fileRef = BA8E63A427A082B600BD19F7 /* ClearScore_Mini_WebServiceTests.swift */; };
/* End PBXBuildFile section */

/* Begin PBXContainerItemProxy section */
		BA4BAE3A279A60B5009D7D2A /* PBXContainerItemProxy */ = {
			isa = PBXContainerItemProxy;
			containerPortal = BA4BAE1B279A60B3009D7D2A /* Project object */;
			proxyType = 1;
			remoteGlobalIDString = BA4BAE22279A60B3009D7D2A;
			remoteInfo = "ClearScore-Mini";
		};
		BA4BAE44279A60B5009D7D2A /* PBXContainerItemProxy */ = {
			isa = PBXContainerItemProxy;
			containerPortal = BA4BAE1B279A60B3009D7D2A /* Project object */;
			proxyType = 1;
			remoteGlobalIDString = BA4BAE22279A60B3009D7D2A;
			remoteInfo = "ClearScore-Mini";
		};
/* End PBXContainerItemProxy section */

/* Begin PBXFileReference section */
		19A13A0D199F30FFD585A5C2 /* Pods_ClearScore_MiniTests.framework */ = {isa = PBXFileReference; explicitFileType = wrapper.framework; includeInIndex = 0; path = Pods_ClearScore_MiniTests.framework; sourceTree = BUILT_PRODUCTS_DIR; };
		34EDB3862CD0FE7FD0847C75 /* Pods-ClearScore-Mini.debug.xcconfig */ = {isa = PBXFileReference; includeInIndex = 1; lastKnownFileType = text.xcconfig; name = "Pods-ClearScore-Mini.debug.xcconfig"; path = "Target Support Files/Pods-ClearScore-Mini/Pods-ClearScore-Mini.debug.xcconfig"; sourceTree = "<group>"; };
		53442814BE01E45BCA7D0E83 /* Pods_ClearScore_Mini_ClearScore_MiniUITests.framework */ = {isa = PBXFileReference; explicitFileType = wrapper.framework; includeInIndex = 0; path = Pods_ClearScore_Mini_ClearScore_MiniUITests.framework; sourceTree = BUILT_PRODUCTS_DIR; };
		5F5C33A6BEDC2F10873FD165 /* Pods-ClearScore-Mini-ClearScore-MiniUITests.release.xcconfig */ = {isa = PBXFileReference; includeInIndex = 1; lastKnownFileType = text.xcconfig; name = "Pods-ClearScore-Mini-ClearScore-MiniUITests.release.xcconfig"; path = "Target Support Files/Pods-ClearScore-Mini-ClearScore-MiniUITests/Pods-ClearScore-Mini-ClearScore-MiniUITests.release.xcconfig"; sourceTree = "<group>"; };
		608375538804F7A9BD628DBA /* Pods_ClearScore_Mini.framework */ = {isa = PBXFileReference; explicitFileType = wrapper.framework; includeInIndex = 0; path = Pods_ClearScore_Mini.framework; sourceTree = BUILT_PRODUCTS_DIR; };
		6FF9BB3F86DA2F5B97D8BB96 /* Pods-ClearScore-Mini-ClearScore-MiniUITests.debug.xcconfig */ = {isa = PBXFileReference; includeInIndex = 1; lastKnownFileType = text.xcconfig; name = "Pods-ClearScore-Mini-ClearScore-MiniUITests.debug.xcconfig"; path = "Target Support Files/Pods-ClearScore-Mini-ClearScore-MiniUITests/Pods-ClearScore-Mini-ClearScore-MiniUITests.debug.xcconfig"; sourceTree = "<group>"; };
		9CE4C0B3D7988F8DA84AF83F /* Pods-ClearScore-Mini.release.xcconfig */ = {isa = PBXFileReference; includeInIndex = 1; lastKnownFileType = text.xcconfig; name = "Pods-ClearScore-Mini.release.xcconfig"; path = "Target Support Files/Pods-ClearScore-Mini/Pods-ClearScore-Mini.release.xcconfig"; sourceTree = "<group>"; };
		BA4BAE23279A60B3009D7D2A /* ClearScore-Mini.app */ = {isa = PBXFileReference; explicitFileType = wrapper.application; includeInIndex = 0; path = "ClearScore-Mini.app"; sourceTree = BUILT_PRODUCTS_DIR; };
		BA4BAE26279A60B3009D7D2A /* AppDelegate.swift */ = {isa = PBXFileReference; lastKnownFileType = sourcecode.swift; path = AppDelegate.swift; sourceTree = "<group>"; };
		BA4BAE2A279A60B3009D7D2A /* HomeViewController.swift */ = {isa = PBXFileReference; lastKnownFileType = sourcecode.swift; path = HomeViewController.swift; sourceTree = "<group>"; };
		BA4BAE2D279A60B3009D7D2A /* Base */ = {isa = PBXFileReference; lastKnownFileType = file.storyboard; name = Base; path = Base.lproj/Main.storyboard; sourceTree = "<group>"; };
		BA4BAE2F279A60B5009D7D2A /* Assets.xcassets */ = {isa = PBXFileReference; lastKnownFileType = folder.assetcatalog; path = Assets.xcassets; sourceTree = "<group>"; };
		BA4BAE32279A60B5009D7D2A /* Base */ = {isa = PBXFileReference; lastKnownFileType = file.storyboard; name = Base; path = Base.lproj/LaunchScreen.storyboard; sourceTree = "<group>"; };
		BA4BAE34279A60B5009D7D2A /* Info.plist */ = {isa = PBXFileReference; lastKnownFileType = text.plist.xml; path = Info.plist; sourceTree = "<group>"; };
		BA4BAE39279A60B5009D7D2A /* ClearScore-MiniTests.xctest */ = {isa = PBXFileReference; explicitFileType = wrapper.cfbundle; includeInIndex = 0; path = "ClearScore-MiniTests.xctest"; sourceTree = BUILT_PRODUCTS_DIR; };
		BA4BAE3D279A60B5009D7D2A /* ClearScore_Mini_ViewModelTests.swift */ = {isa = PBXFileReference; lastKnownFileType = sourcecode.swift; path = ClearScore_Mini_ViewModelTests.swift; sourceTree = "<group>"; };
		BA4BAE43279A60B5009D7D2A /* ClearScore-MiniUITests.xctest */ = {isa = PBXFileReference; explicitFileType = wrapper.cfbundle; includeInIndex = 0; path = "ClearScore-MiniUITests.xctest"; sourceTree = BUILT_PRODUCTS_DIR; };
		BA4BAE47279A60B5009D7D2A /* ClearScore_MiniUITests.swift */ = {isa = PBXFileReference; lastKnownFileType = sourcecode.swift; path = ClearScore_MiniUITests.swift; sourceTree = "<group>"; };
		BA4BAE49279A60B5009D7D2A /* ClearScore_MiniUITestsLaunchTests.swift */ = {isa = PBXFileReference; lastKnownFileType = sourcecode.swift; path = ClearScore_MiniUITestsLaunchTests.swift; sourceTree = "<group>"; };
		BA4BAE5B279A662E009D7D2A /* Constants.swift */ = {isa = PBXFileReference; lastKnownFileType = sourcecode.swift; path = Constants.swift; sourceTree = "<group>"; };
		BA4BAE5D279A68FF009D7D2A /* NetworkConnection.swift */ = {isa = PBXFileReference; lastKnownFileType = sourcecode.swift; path = NetworkConnection.swift; sourceTree = "<group>"; };
		BA4BAE60279ADB9C009D7D2A /* WebService.swift */ = {isa = PBXFileReference; lastKnownFileType = sourcecode.swift; path = WebService.swift; sourceTree = "<group>"; };
		BA4BAE62279B08F0009D7D2A /* CreditScoreModel.swift */ = {isa = PBXFileReference; lastKnownFileType = sourcecode.swift; path = CreditScoreModel.swift; sourceTree = "<group>"; };
		BA4BAE64279B0DB6009D7D2A /* CreditViewModel.swift */ = {isa = PBXFileReference; lastKnownFileType = sourcecode.swift; path = CreditViewModel.swift; sourceTree = "<group>"; };
		BA4BAE67279BB7A1009D7D2A /* Coordinator.swift */ = {isa = PBXFileReference; lastKnownFileType = sourcecode.swift; path = Coordinator.swift; sourceTree = "<group>"; };
		BA4BAE6A279BB923009D7D2A /* Storyboarded.swift */ = {isa = PBXFileReference; lastKnownFileType = sourcecode.swift; name = Storyboarded.swift; path = "ClearScore-Mini/Utilities/Storyboarded.swift"; sourceTree = SOURCE_ROOT; };
		BA4BAE6C279BB9FD009D7D2A /* MainCoordinator.swift */ = {isa = PBXFileReference; lastKnownFileType = sourcecode.swift; path = MainCoordinator.swift; sourceTree = "<group>"; };
		BA4BAE6E279BBBA6009D7D2A /* DetailViewController.swift */ = {isa = PBXFileReference; lastKnownFileType = sourcecode.swift; path = DetailViewController.swift; sourceTree = "<group>"; };
		BA4BAE71279C681E009D7D2A /* DonutView.xib */ = {isa = PBXFileReference; lastKnownFileType = file.xib; path = DonutView.xib; sourceTree = "<group>"; };
		BA4BAE73279C682A009D7D2A /* DonutView.swift */ = {isa = PBXFileReference; lastKnownFileType = sourcecode.swift; path = DonutView.swift; sourceTree = "<group>"; };
		BA854775279ED7DE00F1FCEC /* ErrorView.swift */ = {isa = PBXFileReference; lastKnownFileType = sourcecode.swift; path = ErrorView.swift; sourceTree = "<group>"; };
		BA854777279ED7EA00F1FCEC /* ErrorView.xib */ = {isa = PBXFileReference; lastKnownFileType = file.xib; path = ErrorView.xib; sourceTree = "<group>"; };
		BA8E639F279F88C100BD19F7 /* MockWebService.swift */ = {isa = PBXFileReference; lastKnownFileType = sourcecode.swift; path = MockWebService.swift; sourceTree = "<group>"; };
		BA8E63A427A082B600BD19F7 /* ClearScore_Mini_WebServiceTests.swift */ = {isa = PBXFileReference; lastKnownFileType = sourcecode.swift; path = ClearScore_Mini_WebServiceTests.swift; sourceTree = "<group>"; };
		CEE5A7F8C0ECB2A9AC4E8AFB /* Pods-ClearScore-MiniTests.release.xcconfig */ = {isa = PBXFileReference; includeInIndex = 1; lastKnownFileType = text.xcconfig; name = "Pods-ClearScore-MiniTests.release.xcconfig"; path = "Target Support Files/Pods-ClearScore-MiniTests/Pods-ClearScore-MiniTests.release.xcconfig"; sourceTree = "<group>"; };
		F0ABB62AF635B452AAD880B2 /* Pods-ClearScore-MiniTests.debug.xcconfig */ = {isa = PBXFileReference; includeInIndex = 1; lastKnownFileType = text.xcconfig; name = "Pods-ClearScore-MiniTests.debug.xcconfig"; path = "Target Support Files/Pods-ClearScore-MiniTests/Pods-ClearScore-MiniTests.debug.xcconfig"; sourceTree = "<group>"; };
/* End PBXFileReference section */

/* Begin PBXFrameworksBuildPhase section */
		BA4BAE20279A60B3009D7D2A /* Frameworks */ = {
			isa = PBXFrameworksBuildPhase;
			buildActionMask = 2147483647;
			files = (
				3A436D12284F668600E8C9E3 /* CGRPCZlib in Frameworks */,
				3A436D16284F668600E8C9E3 /* protoc-gen-grpc-swift in Frameworks */,
				3AB852B1284F69DB00A48436 /* Pods_ClearScore_Mini.framework in Frameworks */,
				3A436D14284F668600E8C9E3 /* GRPC in Frameworks */,
			);
			runOnlyForDeploymentPostprocessing = 0;
		};
		BA4BAE36279A60B5009D7D2A /* Frameworks */ = {
			isa = PBXFrameworksBuildPhase;
			buildActionMask = 2147483647;
			files = (
				06B5ACA5272633170CF11D68 /* Pods_ClearScore_MiniTests.framework in Frameworks */,
			);
			runOnlyForDeploymentPostprocessing = 0;
		};
		BA4BAE40279A60B5009D7D2A /* Frameworks */ = {
			isa = PBXFrameworksBuildPhase;
			buildActionMask = 2147483647;
			files = (
				2F80FC60707F60F065AA2ABB /* Pods_ClearScore_Mini_ClearScore_MiniUITests.framework in Frameworks */,
			);
			runOnlyForDeploymentPostprocessing = 0;
		};
/* End PBXFrameworksBuildPhase section */

/* Begin PBXGroup section */
		81D34741FE2BA85C79E4DE46 /* Pods */ = {
			isa = PBXGroup;
			children = (
				34EDB3862CD0FE7FD0847C75 /* Pods-ClearScore-Mini.debug.xcconfig */,
				9CE4C0B3D7988F8DA84AF83F /* Pods-ClearScore-Mini.release.xcconfig */,
				6FF9BB3F86DA2F5B97D8BB96 /* Pods-ClearScore-Mini-ClearScore-MiniUITests.debug.xcconfig */,
				5F5C33A6BEDC2F10873FD165 /* Pods-ClearScore-Mini-ClearScore-MiniUITests.release.xcconfig */,
				F0ABB62AF635B452AAD880B2 /* Pods-ClearScore-MiniTests.debug.xcconfig */,
				CEE5A7F8C0ECB2A9AC4E8AFB /* Pods-ClearScore-MiniTests.release.xcconfig */,
			);
			path = Pods;
			sourceTree = "<group>";
		};
		BA4BAE1A279A60B3009D7D2A = {
			isa = PBXGroup;
			children = (
				BA4BAE25279A60B3009D7D2A /* ClearScore-Mini */,
				BA4BAE3C279A60B5009D7D2A /* ClearScore-MiniTests */,
				BA4BAE46279A60B5009D7D2A /* ClearScore-MiniUITests */,
				BA4BAE24279A60B3009D7D2A /* Products */,
				81D34741FE2BA85C79E4DE46 /* Pods */,
				BEC250908E46CACA16172D26 /* Frameworks */,
			);
			sourceTree = "<group>";
		};
		BA4BAE24279A60B3009D7D2A /* Products */ = {
			isa = PBXGroup;
			children = (
				BA4BAE23279A60B3009D7D2A /* ClearScore-Mini.app */,
				BA4BAE39279A60B5009D7D2A /* ClearScore-MiniTests.xctest */,
				BA4BAE43279A60B5009D7D2A /* ClearScore-MiniUITests.xctest */,
			);
			name = Products;
			sourceTree = "<group>";
		};
		BA4BAE25279A60B3009D7D2A /* ClearScore-Mini */ = {
			isa = PBXGroup;
			children = (
				BA4BAE66279BB71A009D7D2A /* Coordinators */,
				BA4BAE5A279A6624009D7D2A /* Utilities */,
				BA4BAE5F279ADB87009D7D2A /* Web Services */,
				BA4BAE56279A62C5009D7D2A /* Models */,
				BA4BAE57279A62CA009D7D2A /* Views */,
				BA4BAE58279A62D1009D7D2A /* View Models */,
				BA4BAE59279A62D9009D7D2A /* Controllers */,
				BA4BAE26279A60B3009D7D2A /* AppDelegate.swift */,
				BA4BAE2C279A60B3009D7D2A /* Main.storyboard */,
				BA4BAE2F279A60B5009D7D2A /* Assets.xcassets */,
				BA4BAE31279A60B5009D7D2A /* LaunchScreen.storyboard */,
				BA4BAE34279A60B5009D7D2A /* Info.plist */,
			);
			path = "ClearScore-Mini";
			sourceTree = "<group>";
		};
		BA4BAE3C279A60B5009D7D2A /* ClearScore-MiniTests */ = {
			isa = PBXGroup;
			children = (
				BA8E63A127A081A700BD19F7 /* WebserviceTests */,
				BA8E639E279F888700BD19F7 /* ViewModelTests */,
			);
			path = "ClearScore-MiniTests";
			sourceTree = "<group>";
		};
		BA4BAE46279A60B5009D7D2A /* ClearScore-MiniUITests */ = {
			isa = PBXGroup;
			children = (
				BA4BAE47279A60B5009D7D2A /* ClearScore_MiniUITests.swift */,
				BA4BAE49279A60B5009D7D2A /* ClearScore_MiniUITestsLaunchTests.swift */,
			);
			path = "ClearScore-MiniUITests";
			sourceTree = "<group>";
		};
		BA4BAE56279A62C5009D7D2A /* Models */ = {
			isa = PBXGroup;
			children = (
				BA4BAE62279B08F0009D7D2A /* CreditScoreModel.swift */,
			);
			path = Models;
			sourceTree = "<group>";
		};
		BA4BAE57279A62CA009D7D2A /* Views */ = {
			isa = PBXGroup;
			children = (
				BA854774279ED7BE00F1FCEC /* ErrorView */,
				BA4BAE70279C6812009D7D2A /* DonutView */,
			);
			path = Views;
			sourceTree = "<group>";
		};
		BA4BAE58279A62D1009D7D2A /* View Models */ = {
			isa = PBXGroup;
			children = (
				BA4BAE64279B0DB6009D7D2A /* CreditViewModel.swift */,
			);
			path = "View Models";
			sourceTree = "<group>";
		};
		BA4BAE59279A62D9009D7D2A /* Controllers */ = {
			isa = PBXGroup;
			children = (
				BA4BAE2A279A60B3009D7D2A /* HomeViewController.swift */,
				BA4BAE6E279BBBA6009D7D2A /* DetailViewController.swift */,
			);
			path = Controllers;
			sourceTree = "<group>";
		};
		BA4BAE5A279A6624009D7D2A /* Utilities */ = {
			isa = PBXGroup;
			children = (
				BA4BAE6A279BB923009D7D2A /* Storyboarded.swift */,
				BA4BAE5B279A662E009D7D2A /* Constants.swift */,
			);
			path = Utilities;
			sourceTree = "<group>";
		};
		BA4BAE5F279ADB87009D7D2A /* Web Services */ = {
			isa = PBXGroup;
			children = (
				BA4BAE5D279A68FF009D7D2A /* NetworkConnection.swift */,
				BA4BAE60279ADB9C009D7D2A /* WebService.swift */,
			);
			path = "Web Services";
			sourceTree = "<group>";
		};
		BA4BAE66279BB71A009D7D2A /* Coordinators */ = {
			isa = PBXGroup;
			children = (
				BA4BAE67279BB7A1009D7D2A /* Coordinator.swift */,
				BA4BAE6C279BB9FD009D7D2A /* MainCoordinator.swift */,
			);
			path = Coordinators;
			sourceTree = "<group>";
		};
		BA4BAE70279C6812009D7D2A /* DonutView */ = {
			isa = PBXGroup;
			children = (
				BA4BAE71279C681E009D7D2A /* DonutView.xib */,
				BA4BAE73279C682A009D7D2A /* DonutView.swift */,
			);
			path = DonutView;
			sourceTree = "<group>";
		};
		BA854774279ED7BE00F1FCEC /* ErrorView */ = {
			isa = PBXGroup;
			children = (
				BA854775279ED7DE00F1FCEC /* ErrorView.swift */,
				BA854777279ED7EA00F1FCEC /* ErrorView.xib */,
			);
			path = ErrorView;
			sourceTree = "<group>";
		};
		BA8E639E279F888700BD19F7 /* ViewModelTests */ = {
			isa = PBXGroup;
			children = (
				BA4BAE3D279A60B5009D7D2A /* ClearScore_Mini_ViewModelTests.swift */,
				BA8E639F279F88C100BD19F7 /* MockWebService.swift */,
			);
			path = ViewModelTests;
			sourceTree = "<group>";
		};
		BA8E63A127A081A700BD19F7 /* WebserviceTests */ = {
			isa = PBXGroup;
			children = (
				BA8E63A427A082B600BD19F7 /* ClearScore_Mini_WebServiceTests.swift */,
			);
			path = WebserviceTests;
			sourceTree = "<group>";
		};
		BEC250908E46CACA16172D26 /* Frameworks */ = {
			isa = PBXGroup;
			children = (
				608375538804F7A9BD628DBA /* Pods_ClearScore_Mini.framework */,
				53442814BE01E45BCA7D0E83 /* Pods_ClearScore_Mini_ClearScore_MiniUITests.framework */,
				19A13A0D199F30FFD585A5C2 /* Pods_ClearScore_MiniTests.framework */,
			);
			name = Frameworks;
			sourceTree = "<group>";
		};
/* End PBXGroup section */

/* Begin PBXNativeTarget section */
		BA4BAE22279A60B3009D7D2A /* ClearScore-Mini */ = {
			isa = PBXNativeTarget;
			buildConfigurationList = BA4BAE4D279A60B5009D7D2A /* Build configuration list for PBXNativeTarget "ClearScore-Mini" */;
			buildPhases = (
				236ED921242B0828A905F7FA /* [CP] Check Pods Manifest.lock */,
				BA4BAE1F279A60B3009D7D2A /* Sources */,
				BA4BAE20279A60B3009D7D2A /* Frameworks */,
				BA4BAE21279A60B3009D7D2A /* Resources */,
				74A38F19FDD640B35B3F5456 /* [CP] Embed Pods Frameworks */,
			);
			buildRules = (
			);
			dependencies = (
			);
			name = "ClearScore-Mini";
			packageProductDependencies = (
				3A436D11284F668600E8C9E3 /* CGRPCZlib */,
				3A436D13284F668600E8C9E3 /* GRPC */,
				3A436D15284F668600E8C9E3 /* protoc-gen-grpc-swift */,
			);
			productName = "ClearScore-Mini";
			productReference = BA4BAE23279A60B3009D7D2A /* ClearScore-Mini.app */;
			productType = "com.apple.product-type.application";
		};
		BA4BAE38279A60B5009D7D2A /* ClearScore-MiniTests */ = {
			isa = PBXNativeTarget;
			buildConfigurationList = BA4BAE50279A60B5009D7D2A /* Build configuration list for PBXNativeTarget "ClearScore-MiniTests" */;
			buildPhases = (
				985A788BB48791FB53893CD2 /* [CP] Check Pods Manifest.lock */,
				BA4BAE35279A60B5009D7D2A /* Sources */,
				BA4BAE36279A60B5009D7D2A /* Frameworks */,
				BA4BAE37279A60B5009D7D2A /* Resources */,
			);
			buildRules = (
			);
			dependencies = (
				BA4BAE3B279A60B5009D7D2A /* PBXTargetDependency */,
			);
			name = "ClearScore-MiniTests";
			productName = "ClearScore-MiniTests";
			productReference = BA4BAE39279A60B5009D7D2A /* ClearScore-MiniTests.xctest */;
			productType = "com.apple.product-type.bundle.unit-test";
		};
		BA4BAE42279A60B5009D7D2A /* ClearScore-MiniUITests */ = {
			isa = PBXNativeTarget;
			buildConfigurationList = BA4BAE53279A60B5009D7D2A /* Build configuration list for PBXNativeTarget "ClearScore-MiniUITests" */;
			buildPhases = (
				0E8866A816081643D71CD9C8 /* [CP] Check Pods Manifest.lock */,
				BA4BAE3F279A60B5009D7D2A /* Sources */,
				BA4BAE40279A60B5009D7D2A /* Frameworks */,
				BA4BAE41279A60B5009D7D2A /* Resources */,
				D17269259C39420991C6D438 /* [CP] Embed Pods Frameworks */,
			);
			buildRules = (
			);
			dependencies = (
				BA4BAE45279A60B5009D7D2A /* PBXTargetDependency */,
			);
			name = "ClearScore-MiniUITests";
			productName = "ClearScore-MiniUITests";
			productReference = BA4BAE43279A60B5009D7D2A /* ClearScore-MiniUITests.xctest */;
			productType = "com.apple.product-type.bundle.ui-testing";
		};
/* End PBXNativeTarget section */

/* Begin PBXProject section */
		BA4BAE1B279A60B3009D7D2A /* Project object */ = {
			isa = PBXProject;
			attributes = {
				BuildIndependentTargetsInParallel = 1;
				LastSwiftUpdateCheck = 1320;
				LastUpgradeCheck = 1320;
				TargetAttributes = {
					BA4BAE22279A60B3009D7D2A = {
						CreatedOnToolsVersion = 13.2.1;
					};
					BA4BAE38279A60B5009D7D2A = {
						CreatedOnToolsVersion = 13.2.1;
						TestTargetID = BA4BAE22279A60B3009D7D2A;
					};
					BA4BAE42279A60B5009D7D2A = {
						CreatedOnToolsVersion = 13.2.1;
						TestTargetID = BA4BAE22279A60B3009D7D2A;
					};
				};
			};
			buildConfigurationList = BA4BAE1E279A60B3009D7D2A /* Build configuration list for PBXProject "ClearScore-Mini" */;
			compatibilityVersion = "Xcode 13.0";
			developmentRegion = en;
			hasScannedForEncodings = 0;
			knownRegions = (
				en,
				Base,
			);
			mainGroup = BA4BAE1A279A60B3009D7D2A;
			packageReferences = (
				3A436D10284F668600E8C9E3 /* XCRemoteSwiftPackageReference "grpc-swift" */,
			);
			productRefGroup = BA4BAE24279A60B3009D7D2A /* Products */;
			projectDirPath = "";
			projectRoot = "";
			targets = (
				BA4BAE22279A60B3009D7D2A /* ClearScore-Mini */,
				BA4BAE38279A60B5009D7D2A /* ClearScore-MiniTests */,
				BA4BAE42279A60B5009D7D2A /* ClearScore-MiniUITests */,
			);
		};
/* End PBXProject section */

/* Begin PBXResourcesBuildPhase section */
		BA4BAE21279A60B3009D7D2A /* Resources */ = {
			isa = PBXResourcesBuildPhase;
			buildActionMask = 2147483647;
			files = (
				BA4BAE33279A60B5009D7D2A /* LaunchScreen.storyboard in Resources */,
				BA4BAE30279A60B5009D7D2A /* Assets.xcassets in Resources */,
				BA4BAE2E279A60B3009D7D2A /* Main.storyboard in Resources */,
				BA4BAE72279C681E009D7D2A /* DonutView.xib in Resources */,
				BA854778279ED7EA00F1FCEC /* ErrorView.xib in Resources */,
			);
			runOnlyForDeploymentPostprocessing = 0;
		};
		BA4BAE37279A60B5009D7D2A /* Resources */ = {
			isa = PBXResourcesBuildPhase;
			buildActionMask = 2147483647;
			files = (
			);
			runOnlyForDeploymentPostprocessing = 0;
		};
		BA4BAE41279A60B5009D7D2A /* Resources */ = {
			isa = PBXResourcesBuildPhase;
			buildActionMask = 2147483647;
			files = (
			);
			runOnlyForDeploymentPostprocessing = 0;
		};
/* End PBXResourcesBuildPhase section */

/* Begin PBXShellScriptBuildPhase section */
		0E8866A816081643D71CD9C8 /* [CP] Check Pods Manifest.lock */ = {
			isa = PBXShellScriptBuildPhase;
			buildActionMask = 2147483647;
			files = (
			);
			inputFileListPaths = (
			);
			inputPaths = (
				"${PODS_PODFILE_DIR_PATH}/Podfile.lock",
				"${PODS_ROOT}/Manifest.lock",
			);
			name = "[CP] Check Pods Manifest.lock";
			outputFileListPaths = (
			);
			outputPaths = (
				"$(DERIVED_FILE_DIR)/Pods-ClearScore-Mini-ClearScore-MiniUITests-checkManifestLockResult.txt",
			);
			runOnlyForDeploymentPostprocessing = 0;
			shellPath = /bin/sh;
			shellScript = "diff \"${PODS_PODFILE_DIR_PATH}/Podfile.lock\" \"${PODS_ROOT}/Manifest.lock\" > /dev/null\nif [ $? != 0 ] ; then\n    # print error to STDERR\n    echo \"error: The sandbox is not in sync with the Podfile.lock. Run 'pod install' or update your CocoaPods installation.\" >&2\n    exit 1\nfi\n# This output is used by Xcode 'outputs' to avoid re-running this script phase.\necho \"SUCCESS\" > \"${SCRIPT_OUTPUT_FILE_0}\"\n";
			showEnvVarsInLog = 0;
		};
		236ED921242B0828A905F7FA /* [CP] Check Pods Manifest.lock */ = {
			isa = PBXShellScriptBuildPhase;
			buildActionMask = 2147483647;
			files = (
			);
			inputFileListPaths = (
			);
			inputPaths = (
				"${PODS_PODFILE_DIR_PATH}/Podfile.lock",
				"${PODS_ROOT}/Manifest.lock",
			);
			name = "[CP] Check Pods Manifest.lock";
			outputFileListPaths = (
			);
			outputPaths = (
				"$(DERIVED_FILE_DIR)/Pods-ClearScore-Mini-checkManifestLockResult.txt",
			);
			runOnlyForDeploymentPostprocessing = 0;
			shellPath = /bin/sh;
			shellScript = "diff \"${PODS_PODFILE_DIR_PATH}/Podfile.lock\" \"${PODS_ROOT}/Manifest.lock\" > /dev/null\nif [ $? != 0 ] ; then\n    # print error to STDERR\n    echo \"error: The sandbox is not in sync with the Podfile.lock. Run 'pod install' or update your CocoaPods installation.\" >&2\n    exit 1\nfi\n# This output is used by Xcode 'outputs' to avoid re-running this script phase.\necho \"SUCCESS\" > \"${SCRIPT_OUTPUT_FILE_0}\"\n";
			showEnvVarsInLog = 0;
		};
		74A38F19FDD640B35B3F5456 /* [CP] Embed Pods Frameworks */ = {
			isa = PBXShellScriptBuildPhase;
			buildActionMask = 2147483647;
			files = (
			);
			inputFileListPaths = (
				"${PODS_ROOT}/Target Support Files/Pods-ClearScore-Mini/Pods-ClearScore-Mini-frameworks-${CONFIGURATION}-input-files.xcfilelist",
			);
			name = "[CP] Embed Pods Frameworks";
			outputFileListPaths = (
				"${PODS_ROOT}/Target Support Files/Pods-ClearScore-Mini/Pods-ClearScore-Mini-frameworks-${CONFIGURATION}-output-files.xcfilelist",
			);
			runOnlyForDeploymentPostprocessing = 0;
			shellPath = /bin/sh;
			shellScript = "\"${PODS_ROOT}/Target Support Files/Pods-ClearScore-Mini/Pods-ClearScore-Mini-frameworks.sh\"\n";
			showEnvVarsInLog = 0;
		};
		985A788BB48791FB53893CD2 /* [CP] Check Pods Manifest.lock */ = {
			isa = PBXShellScriptBuildPhase;
			buildActionMask = 2147483647;
			files = (
			);
			inputFileListPaths = (
			);
			inputPaths = (
				"${PODS_PODFILE_DIR_PATH}/Podfile.lock",
				"${PODS_ROOT}/Manifest.lock",
			);
			name = "[CP] Check Pods Manifest.lock";
			outputFileListPaths = (
			);
			outputPaths = (
				"$(DERIVED_FILE_DIR)/Pods-ClearScore-MiniTests-checkManifestLockResult.txt",
			);
			runOnlyForDeploymentPostprocessing = 0;
			shellPath = /bin/sh;
			shellScript = "diff \"${PODS_PODFILE_DIR_PATH}/Podfile.lock\" \"${PODS_ROOT}/Manifest.lock\" > /dev/null\nif [ $? != 0 ] ; then\n    # print error to STDERR\n    echo \"error: The sandbox is not in sync with the Podfile.lock. Run 'pod install' or update your CocoaPods installation.\" >&2\n    exit 1\nfi\n# This output is used by Xcode 'outputs' to avoid re-running this script phase.\necho \"SUCCESS\" > \"${SCRIPT_OUTPUT_FILE_0}\"\n";
			showEnvVarsInLog = 0;
		};
		D17269259C39420991C6D438 /* [CP] Embed Pods Frameworks */ = {
			isa = PBXShellScriptBuildPhase;
			buildActionMask = 2147483647;
			files = (
			);
			inputFileListPaths = (
				"${PODS_ROOT}/Target Support Files/Pods-ClearScore-Mini-ClearScore-MiniUITests/Pods-ClearScore-Mini-ClearScore-MiniUITests-frameworks-${CONFIGURATION}-input-files.xcfilelist",
			);
			name = "[CP] Embed Pods Frameworks";
			outputFileListPaths = (
				"${PODS_ROOT}/Target Support Files/Pods-ClearScore-Mini-ClearScore-MiniUITests/Pods-ClearScore-Mini-ClearScore-MiniUITests-frameworks-${CONFIGURATION}-output-files.xcfilelist",
			);
			runOnlyForDeploymentPostprocessing = 0;
			shellPath = /bin/sh;
			shellScript = "\"${PODS_ROOT}/Target Support Files/Pods-ClearScore-Mini-ClearScore-MiniUITests/Pods-ClearScore-Mini-ClearScore-MiniUITests-frameworks.sh\"\n";
			showEnvVarsInLog = 0;
		};
/* End PBXShellScriptBuildPhase section */

/* Begin PBXSourcesBuildPhase section */
		BA4BAE1F279A60B3009D7D2A /* Sources */ = {
			isa = PBXSourcesBuildPhase;
			buildActionMask = 2147483647;
			files = (
				BA4BAE6F279BBBA6009D7D2A /* DetailViewController.swift in Sources */,
				BA4BAE68279BB7A1009D7D2A /* Coordinator.swift in Sources */,
				BA4BAE65279B0DB6009D7D2A /* CreditViewModel.swift in Sources */,
				BA4BAE61279ADB9C009D7D2A /* WebService.swift in Sources */,
				BA4BAE6D279BB9FD009D7D2A /* MainCoordinator.swift in Sources */,
				BA4BAE63279B08F0009D7D2A /* CreditScoreModel.swift in Sources */,
				BA4BAE2B279A60B3009D7D2A /* HomeViewController.swift in Sources */,
				BA4BAE6B279BB923009D7D2A /* Storyboarded.swift in Sources */,
				BA4BAE27279A60B3009D7D2A /* AppDelegate.swift in Sources */,
				BA4BAE5E279A68FF009D7D2A /* NetworkConnection.swift in Sources */,
				BA4BAE5C279A662E009D7D2A /* Constants.swift in Sources */,
				BA854776279ED7DE00F1FCEC /* ErrorView.swift in Sources */,
				BA4BAE74279C682A009D7D2A /* DonutView.swift in Sources */,
			);
			runOnlyForDeploymentPostprocessing = 0;
		};
		BA4BAE35279A60B5009D7D2A /* Sources */ = {
			isa = PBXSourcesBuildPhase;
			buildActionMask = 2147483647;
			files = (
				BA8E63A0279F88C100BD19F7 /* MockWebService.swift in Sources */,
				BA8E63A527A082B600BD19F7 /* ClearScore_Mini_WebServiceTests.swift in Sources */,
				BA4BAE3E279A60B5009D7D2A /* ClearScore_Mini_ViewModelTests.swift in Sources */,
			);
			runOnlyForDeploymentPostprocessing = 0;
		};
		BA4BAE3F279A60B5009D7D2A /* Sources */ = {
			isa = PBXSourcesBuildPhase;
			buildActionMask = 2147483647;
			files = (
				BA4BAE4A279A60B5009D7D2A /* ClearScore_MiniUITestsLaunchTests.swift in Sources */,
				BA4BAE48279A60B5009D7D2A /* ClearScore_MiniUITests.swift in Sources */,
			);
			runOnlyForDeploymentPostprocessing = 0;
		};
/* End PBXSourcesBuildPhase section */

/* Begin PBXTargetDependency section */
		BA4BAE3B279A60B5009D7D2A /* PBXTargetDependency */ = {
			isa = PBXTargetDependency;
			target = BA4BAE22279A60B3009D7D2A /* ClearScore-Mini */;
			targetProxy = BA4BAE3A279A60B5009D7D2A /* PBXContainerItemProxy */;
		};
		BA4BAE45279A60B5009D7D2A /* PBXTargetDependency */ = {
			isa = PBXTargetDependency;
			target = BA4BAE22279A60B3009D7D2A /* ClearScore-Mini */;
			targetProxy = BA4BAE44279A60B5009D7D2A /* PBXContainerItemProxy */;
		};
/* End PBXTargetDependency section */

/* Begin PBXVariantGroup section */
		BA4BAE2C279A60B3009D7D2A /* Main.storyboard */ = {
			isa = PBXVariantGroup;
			children = (
				BA4BAE2D279A60B3009D7D2A /* Base */,
			);
			name = Main.storyboard;
			sourceTree = "<group>";
		};
		BA4BAE31279A60B5009D7D2A /* LaunchScreen.storyboard */ = {
			isa = PBXVariantGroup;
			children = (
				BA4BAE32279A60B5009D7D2A /* Base */,
			);
			name = LaunchScreen.storyboard;
			sourceTree = "<group>";
		};
/* End PBXVariantGroup section */

/* Begin XCBuildConfiguration section */
		BA4BAE4B279A60B5009D7D2A /* Debug */ = {
			isa = XCBuildConfiguration;
			buildSettings = {
				ALWAYS_SEARCH_USER_PATHS = NO;
				CLANG_ANALYZER_NONNULL = YES;
				CLANG_ANALYZER_NUMBER_OBJECT_CONVERSION = YES_AGGRESSIVE;
				CLANG_CXX_LANGUAGE_STANDARD = "gnu++17";
				CLANG_CXX_LIBRARY = "libc++";
				CLANG_ENABLE_MODULES = YES;
				CLANG_ENABLE_OBJC_ARC = YES;
				CLANG_ENABLE_OBJC_WEAK = YES;
				CLANG_WARN_BLOCK_CAPTURE_AUTORELEASING = YES;
				CLANG_WARN_BOOL_CONVERSION = YES;
				CLANG_WARN_COMMA = YES;
				CLANG_WARN_CONSTANT_CONVERSION = YES;
				CLANG_WARN_DEPRECATED_OBJC_IMPLEMENTATIONS = YES;
				CLANG_WARN_DIRECT_OBJC_ISA_USAGE = YES_ERROR;
				CLANG_WARN_DOCUMENTATION_COMMENTS = YES;
				CLANG_WARN_EMPTY_BODY = YES;
				CLANG_WARN_ENUM_CONVERSION = YES;
				CLANG_WARN_INFINITE_RECURSION = YES;
				CLANG_WARN_INT_CONVERSION = YES;
				CLANG_WARN_NON_LITERAL_NULL_CONVERSION = YES;
				CLANG_WARN_OBJC_IMPLICIT_RETAIN_SELF = YES;
				CLANG_WARN_OBJC_LITERAL_CONVERSION = YES;
				CLANG_WARN_OBJC_ROOT_CLASS = YES_ERROR;
				CLANG_WARN_QUOTED_INCLUDE_IN_FRAMEWORK_HEADER = YES;
				CLANG_WARN_RANGE_LOOP_ANALYSIS = YES;
				CLANG_WARN_STRICT_PROTOTYPES = YES;
				CLANG_WARN_SUSPICIOUS_MOVE = YES;
				CLANG_WARN_UNGUARDED_AVAILABILITY = YES_AGGRESSIVE;
				CLANG_WARN_UNREACHABLE_CODE = YES;
				CLANG_WARN__DUPLICATE_METHOD_MATCH = YES;
				COPY_PHASE_STRIP = NO;
				DEBUG_INFORMATION_FORMAT = dwarf;
				ENABLE_STRICT_OBJC_MSGSEND = YES;
				ENABLE_TESTABILITY = YES;
				GCC_C_LANGUAGE_STANDARD = gnu11;
				GCC_DYNAMIC_NO_PIC = NO;
				GCC_NO_COMMON_BLOCKS = YES;
				GCC_OPTIMIZATION_LEVEL = 0;
				GCC_PREPROCESSOR_DEFINITIONS = (
					"DEBUG=1",
					"$(inherited)",
				);
				GCC_WARN_64_TO_32_BIT_CONVERSION = YES;
				GCC_WARN_ABOUT_RETURN_TYPE = YES_ERROR;
				GCC_WARN_UNDECLARED_SELECTOR = YES;
				GCC_WARN_UNINITIALIZED_AUTOS = YES_AGGRESSIVE;
				GCC_WARN_UNUSED_FUNCTION = YES;
				GCC_WARN_UNUSED_VARIABLE = YES;
				IPHONEOS_DEPLOYMENT_TARGET = 15.2;
				MTL_ENABLE_DEBUG_INFO = INCLUDE_SOURCE;
				MTL_FAST_MATH = YES;
				ONLY_ACTIVE_ARCH = YES;
				SDKROOT = iphoneos;
				SWIFT_ACTIVE_COMPILATION_CONDITIONS = DEBUG;
				SWIFT_OPTIMIZATION_LEVEL = "-Onone";
			};
			name = Debug;
		};
		BA4BAE4C279A60B5009D7D2A /* Release */ = {
			isa = XCBuildConfiguration;
			buildSettings = {
				ALWAYS_SEARCH_USER_PATHS = NO;
				CLANG_ANALYZER_NONNULL = YES;
				CLANG_ANALYZER_NUMBER_OBJECT_CONVERSION = YES_AGGRESSIVE;
				CLANG_CXX_LANGUAGE_STANDARD = "gnu++17";
				CLANG_CXX_LIBRARY = "libc++";
				CLANG_ENABLE_MODULES = YES;
				CLANG_ENABLE_OBJC_ARC = YES;
				CLANG_ENABLE_OBJC_WEAK = YES;
				CLANG_WARN_BLOCK_CAPTURE_AUTORELEASING = YES;
				CLANG_WARN_BOOL_CONVERSION = YES;
				CLANG_WARN_COMMA = YES;
				CLANG_WARN_CONSTANT_CONVERSION = YES;
				CLANG_WARN_DEPRECATED_OBJC_IMPLEMENTATIONS = YES;
				CLANG_WARN_DIRECT_OBJC_ISA_USAGE = YES_ERROR;
				CLANG_WARN_DOCUMENTATION_COMMENTS = YES;
				CLANG_WARN_EMPTY_BODY = YES;
				CLANG_WARN_ENUM_CONVERSION = YES;
				CLANG_WARN_INFINITE_RECURSION = YES;
				CLANG_WARN_INT_CONVERSION = YES;
				CLANG_WARN_NON_LITERAL_NULL_CONVERSION = YES;
				CLANG_WARN_OBJC_IMPLICIT_RETAIN_SELF = YES;
				CLANG_WARN_OBJC_LITERAL_CONVERSION = YES;
				CLANG_WARN_OBJC_ROOT_CLASS = YES_ERROR;
				CLANG_WARN_QUOTED_INCLUDE_IN_FRAMEWORK_HEADER = YES;
				CLANG_WARN_RANGE_LOOP_ANALYSIS = YES;
				CLANG_WARN_STRICT_PROTOTYPES = YES;
				CLANG_WARN_SUSPICIOUS_MOVE = YES;
				CLANG_WARN_UNGUARDED_AVAILABILITY = YES_AGGRESSIVE;
				CLANG_WARN_UNREACHABLE_CODE = YES;
				CLANG_WARN__DUPLICATE_METHOD_MATCH = YES;
				COPY_PHASE_STRIP = NO;
				DEBUG_INFORMATION_FORMAT = "dwarf-with-dsym";
				ENABLE_NS_ASSERTIONS = NO;
				ENABLE_STRICT_OBJC_MSGSEND = YES;
				GCC_C_LANGUAGE_STANDARD = gnu11;
				GCC_NO_COMMON_BLOCKS = YES;
				GCC_WARN_64_TO_32_BIT_CONVERSION = YES;
				GCC_WARN_ABOUT_RETURN_TYPE = YES_ERROR;
				GCC_WARN_UNDECLARED_SELECTOR = YES;
				GCC_WARN_UNINITIALIZED_AUTOS = YES_AGGRESSIVE;
				GCC_WARN_UNUSED_FUNCTION = YES;
				GCC_WARN_UNUSED_VARIABLE = YES;
				IPHONEOS_DEPLOYMENT_TARGET = 15.2;
				MTL_ENABLE_DEBUG_INFO = NO;
				MTL_FAST_MATH = YES;
				ONLY_ACTIVE_ARCH = NO;
				SDKROOT = iphoneos;
				SWIFT_COMPILATION_MODE = wholemodule;
				SWIFT_OPTIMIZATION_LEVEL = "-O";
				VALIDATE_PRODUCT = YES;
			};
			name = Release;
		};
		BA4BAE4E279A60B5009D7D2A /* Debug */ = {
			isa = XCBuildConfiguration;
			baseConfigurationReference = 34EDB3862CD0FE7FD0847C75 /* Pods-ClearScore-Mini.debug.xcconfig */;
			buildSettings = {
				ASSETCATALOG_COMPILER_APPICON_NAME = AppIcon;
				ASSETCATALOG_COMPILER_GLOBAL_ACCENT_COLOR_NAME = AccentColor;
				CODE_SIGN_STYLE = Automatic;
				CURRENT_PROJECT_VERSION = 1;
				DEVELOPMENT_TEAM = WK73B5CX92;
				GENERATE_INFOPLIST_FILE = YES;
				INFOPLIST_FILE = "ClearScore-Mini/Info.plist";
				INFOPLIST_KEY_UIApplicationSupportsIndirectInputEvents = YES;
				INFOPLIST_KEY_UILaunchStoryboardName = LaunchScreen;
				INFOPLIST_KEY_UISupportedInterfaceOrientations_iPad = "UIInterfaceOrientationPortrait UIInterfaceOrientationPortraitUpsideDown UIInterfaceOrientationLandscapeLeft UIInterfaceOrientationLandscapeRight";
				INFOPLIST_KEY_UISupportedInterfaceOrientations_iPhone = "UIInterfaceOrientationPortrait UIInterfaceOrientationLandscapeLeft UIInterfaceOrientationLandscapeRight";
				LD_RUNPATH_SEARCH_PATHS = (
					"$(inherited)",
					"@executable_path/Frameworks",
				);
				MARKETING_VERSION = 1.0;
				PRODUCT_BUNDLE_IDENTIFIER = "com.home.ClearScore-Mini";
				PRODUCT_NAME = "$(TARGET_NAME)";
				SWIFT_EMIT_LOC_STRINGS = YES;
				SWIFT_VERSION = 5.0;
				TARGETED_DEVICE_FAMILY = "1,2";
			};
			name = Debug;
		};
		BA4BAE4F279A60B5009D7D2A /* Release */ = {
			isa = XCBuildConfiguration;
			baseConfigurationReference = 9CE4C0B3D7988F8DA84AF83F /* Pods-ClearScore-Mini.release.xcconfig */;
			buildSettings = {
				ASSETCATALOG_COMPILER_APPICON_NAME = AppIcon;
				ASSETCATALOG_COMPILER_GLOBAL_ACCENT_COLOR_NAME = AccentColor;
				CODE_SIGN_STYLE = Automatic;
				CURRENT_PROJECT_VERSION = 1;
				DEVELOPMENT_TEAM = WK73B5CX92;
				GENERATE_INFOPLIST_FILE = YES;
				INFOPLIST_FILE = "ClearScore-Mini/Info.plist";
				INFOPLIST_KEY_UIApplicationSupportsIndirectInputEvents = YES;
				INFOPLIST_KEY_UILaunchStoryboardName = LaunchScreen;
				INFOPLIST_KEY_UISupportedInterfaceOrientations_iPad = "UIInterfaceOrientationPortrait UIInterfaceOrientationPortraitUpsideDown UIInterfaceOrientationLandscapeLeft UIInterfaceOrientationLandscapeRight";
				INFOPLIST_KEY_UISupportedInterfaceOrientations_iPhone = "UIInterfaceOrientationPortrait UIInterfaceOrientationLandscapeLeft UIInterfaceOrientationLandscapeRight";
				LD_RUNPATH_SEARCH_PATHS = (
					"$(inherited)",
					"@executable_path/Frameworks",
				);
				MARKETING_VERSION = 1.0;
				PRODUCT_BUNDLE_IDENTIFIER = "com.home.ClearScore-Mini";
				PRODUCT_NAME = "$(TARGET_NAME)";
				SWIFT_EMIT_LOC_STRINGS = YES;
				SWIFT_VERSION = 5.0;
				TARGETED_DEVICE_FAMILY = "1,2";
			};
			name = Release;
		};
		BA4BAE51279A60B5009D7D2A /* Debug */ = {
			isa = XCBuildConfiguration;
			baseConfigurationReference = F0ABB62AF635B452AAD880B2 /* Pods-ClearScore-MiniTests.debug.xcconfig */;
			buildSettings = {
				ALWAYS_EMBED_SWIFT_STANDARD_LIBRARIES = YES;
				BUNDLE_LOADER = "$(TEST_HOST)";
				CODE_SIGN_STYLE = Automatic;
				CURRENT_PROJECT_VERSION = 1;
				DEVELOPMENT_TEAM = WK73B5CX92;
				GENERATE_INFOPLIST_FILE = YES;
				IPHONEOS_DEPLOYMENT_TARGET = 15.2;
				MARKETING_VERSION = 1.0;
				PRODUCT_BUNDLE_IDENTIFIER = "com.home.ClearScore-MiniTests";
				PRODUCT_NAME = "$(TARGET_NAME)";
				SWIFT_EMIT_LOC_STRINGS = NO;
				SWIFT_VERSION = 5.0;
				TARGETED_DEVICE_FAMILY = "1,2";
				TEST_HOST = "$(BUILT_PRODUCTS_DIR)/ClearScore-Mini.app/ClearScore-Mini";
			};
			name = Debug;
		};
		BA4BAE52279A60B5009D7D2A /* Release */ = {
			isa = XCBuildConfiguration;
			baseConfigurationReference = CEE5A7F8C0ECB2A9AC4E8AFB /* Pods-ClearScore-MiniTests.release.xcconfig */;
			buildSettings = {
				ALWAYS_EMBED_SWIFT_STANDARD_LIBRARIES = YES;
				BUNDLE_LOADER = "$(TEST_HOST)";
				CODE_SIGN_STYLE = Automatic;
				CURRENT_PROJECT_VERSION = 1;
				DEVELOPMENT_TEAM = WK73B5CX92;
				GENERATE_INFOPLIST_FILE = YES;
				IPHONEOS_DEPLOYMENT_TARGET = 15.2;
				MARKETING_VERSION = 1.0;
				PRODUCT_BUNDLE_IDENTIFIER = "com.home.ClearScore-MiniTests";
				PRODUCT_NAME = "$(TARGET_NAME)";
				SWIFT_EMIT_LOC_STRINGS = NO;
				SWIFT_VERSION = 5.0;
				TARGETED_DEVICE_FAMILY = "1,2";
				TEST_HOST = "$(BUILT_PRODUCTS_DIR)/ClearScore-Mini.app/ClearScore-Mini";
			};
			name = Release;
		};
		BA4BAE54279A60B5009D7D2A /* Debug */ = {
			isa = XCBuildConfiguration;
			baseConfigurationReference = 6FF9BB3F86DA2F5B97D8BB96 /* Pods-ClearScore-Mini-ClearScore-MiniUITests.debug.xcconfig */;
			buildSettings = {
				ALWAYS_EMBED_SWIFT_STANDARD_LIBRARIES = YES;
				CODE_SIGN_STYLE = Automatic;
				CURRENT_PROJECT_VERSION = 1;
				DEVELOPMENT_TEAM = WK73B5CX92;
				GENERATE_INFOPLIST_FILE = YES;
				MARKETING_VERSION = 1.0;
				PRODUCT_BUNDLE_IDENTIFIER = "com.home.ClearScore-MiniUITests";
				PRODUCT_NAME = "$(TARGET_NAME)";
				SWIFT_EMIT_LOC_STRINGS = NO;
				SWIFT_VERSION = 5.0;
				TARGETED_DEVICE_FAMILY = "1,2";
				TEST_TARGET_NAME = "ClearScore-Mini";
			};
			name = Debug;
		};
		BA4BAE55279A60B5009D7D2A /* Release */ = {
			isa = XCBuildConfiguration;
			baseConfigurationReference = 5F5C33A6BEDC2F10873FD165 /* Pods-ClearScore-Mini-ClearScore-MiniUITests.release.xcconfig */;
			buildSettings = {
				ALWAYS_EMBED_SWIFT_STANDARD_LIBRARIES = YES;
				CODE_SIGN_STYLE = Automatic;
				CURRENT_PROJECT_VERSION = 1;
				DEVELOPMENT_TEAM = WK73B5CX92;
				GENERATE_INFOPLIST_FILE = YES;
				MARKETING_VERSION = 1.0;
				PRODUCT_BUNDLE_IDENTIFIER = "com.home.ClearScore-MiniUITests";
				PRODUCT_NAME = "$(TARGET_NAME)";
				SWIFT_EMIT_LOC_STRINGS = NO;
				SWIFT_VERSION = 5.0;
				TARGETED_DEVICE_FAMILY = "1,2";
				TEST_TARGET_NAME = "ClearScore-Mini";
			};
			name = Release;
		};
/* End XCBuildConfiguration section */

/* Begin XCConfigurationList section */
		BA4BAE1E279A60B3009D7D2A /* Build configuration list for PBXProject "ClearScore-Mini" */ = {
			isa = XCConfigurationList;
			buildConfigurations = (
				BA4BAE4B279A60B5009D7D2A /* Debug */,
				BA4BAE4C279A60B5009D7D2A /* Release */,
			);
			defaultConfigurationIsVisible = 0;
			defaultConfigurationName = Release;
		};
		BA4BAE4D279A60B5009D7D2A /* Build configuration list for PBXNativeTarget "ClearScore-Mini" */ = {
			isa = XCConfigurationList;
			buildConfigurations = (
				BA4BAE4E279A60B5009D7D2A /* Debug */,
				BA4BAE4F279A60B5009D7D2A /* Release */,
			);
			defaultConfigurationIsVisible = 0;
			defaultConfigurationName = Release;
		};
		BA4BAE50279A60B5009D7D2A /* Build configuration list for PBXNativeTarget "ClearScore-MiniTests" */ = {
			isa = XCConfigurationList;
			buildConfigurations = (
				BA4BAE51279A60B5009D7D2A /* Debug */,
				BA4BAE52279A60B5009D7D2A /* Release */,
			);
			defaultConfigurationIsVisible = 0;
			defaultConfigurationName = Release;
		};
		BA4BAE53279A60B5009D7D2A /* Build configuration list for PBXNativeTarget "ClearScore-MiniUITests" */ = {
			isa = XCConfigurationList;
			buildConfigurations = (
				BA4BAE54279A60B5009D7D2A /* Debug */,
				BA4BAE55279A60B5009D7D2A /* Release */,
			);
			defaultConfigurationIsVisible = 0;
			defaultConfigurationName = Release;
		};
/* End XCConfigurationList section */

/* Begin XCRemoteSwiftPackageReference section */
		3A436D10284F668600E8C9E3 /* XCRemoteSwiftPackageReference "grpc-swift" */ = {
			isa = XCRemoteSwiftPackageReference;
			repositoryURL = "https://github.com/grpc/grpc-swift";
			requirement = {
				kind = exactVersion;
				version = 1.6.1;
			};
		};
/* End XCRemoteSwiftPackageReference section */

/* Begin XCSwiftPackageProductDependency section */
		3A436D11284F668600E8C9E3 /* CGRPCZlib */ = {
			isa = XCSwiftPackageProductDependency;
			package = 3A436D10284F668600E8C9E3 /* XCRemoteSwiftPackageReference "grpc-swift" */;
			productName = CGRPCZlib;
		};
		3A436D13284F668600E8C9E3 /* GRPC */ = {
			isa = XCSwiftPackageProductDependency;
			package = 3A436D10284F668600E8C9E3 /* XCRemoteSwiftPackageReference "grpc-swift" */;
			productName = GRPC;
		};
		3A436D15284F668600E8C9E3 /* protoc-gen-grpc-swift */ = {
			isa = XCSwiftPackageProductDependency;
			package = 3A436D10284F668600E8C9E3 /* XCRemoteSwiftPackageReference "grpc-swift" */;
			productName = "protoc-gen-grpc-swift";
		};
/* End XCSwiftPackageProductDependency section */
	};
	rootObject = BA4BAE1B279A60B3009D7D2A /* Project object */;
}
